
Microsoft Visual Studio Solution File, Format Version 12.00
# Visual Studio 15
VisualStudioVersion = 15.0.28307.271
MinimumVisualStudioVersion = 10.0.40219.1
Project("{FAE04EC0-301F-11D3-BF4B-00C04F79EFBC}") = "AspNetCore.DataProtection.MachineKey", "AspNetCore.DataProtection.MachineKey\AspNetCore.DataProtection.MachineKey.csproj", "{1B98FC97-68A9-4833-AB3C-5EA8F3C70430}"
EndProject
Project("{2150E333-8FDC-42A3-9474-1A3956D46DE8}") = "Tests", "Tests", "{CF387785-F64D-4308-AED4-A775F9883C54}"
EndProject
Project("{FAE04EC0-301F-11D3-BF4B-00C04F79EFBC}") = "AspNetCore.DataProtection.MachineKey.Test", "AspNetCore.DataProtection.MachineKey.Test\AspNetCore.DataProtection.MachineKey.Test.csproj", "{11EB3FF6-FEFD-4DFC-8D5A-37D30CF49134}"
EndProject
Global
	GlobalSection(SolutionConfigurationPlatforms) = preSolution
		Debug|Any CPU = Debug|Any CPU
		Release|Any CPU = Release|Any CPU
	EndGlobalSection
	GlobalSection(ProjectConfigurationPlatforms) = postSolution
		{1B98FC97-68A9-4833-AB3C-5EA8F3C70430}.Debug|Any CPU.ActiveCfg = Debug|Any CPU
		{1B98FC97-68A9-4833-AB3C-5EA8F3C70430}.Debug|Any CPU.Build.0 = Debug|Any CPU
		{1B98FC97-68A9-4833-AB3C-5EA8F3C70430}.Release|Any CPU.ActiveCfg = Release|Any CPU
		{1B98FC97-68A9-4833-AB3C-5EA8F3C70430}.Release|Any CPU.Build.0 = Release|Any CPU
		{11EB3FF6-FEFD-4DFC-8D5A-37D30CF49134}.Debug|Any CPU.ActiveCfg = Debug|Any CPU
		{11EB3FF6-FEFD-4DFC-8D5A-37D30CF49134}.Debug|Any CPU.Build.0 = Debug|Any CPU
		{11EB3FF6-FEFD-4DFC-8D5A-37D30CF49134}.Release|Any CPU.ActiveCfg = Release|Any CPU
		{11EB3FF6-FEFD-4DFC-8D5A-37D30CF49134}.Release|Any CPU.Build.0 = Release|Any CPU
	EndGlobalSection
	GlobalSection(SolutionProperties) = preSolution
		HideSolutionNode = FALSE
	EndGlobalSection
	GlobalSection(NestedProjects) = preSolution
		{11EB3FF6-FEFD-4DFC-8D5A-37D30CF49134} = {CF387785-F64D-4308-AED4-A775F9883C54}
	EndGlobalSection
	GlobalSection(ExtensibilityGlobals) = postSolution
		SolutionGuid = {5423D320-ADBF-4081-9484-F7C8A8840E1F}
	EndGlobalSection
EndGlobal
