
Microsoft Visual Studio Solution File, Format Version 12.00
# Visual Studio 15
VisualStudioVersion = 15.0.28307.271
MinimumVisualStudioVersion = 10.0.40219.1
Project("{FAE04EC0-301F-11D3-BF4B-00C04F79EFBC}") = "AspNetCore.Owin.TestWeb", "AspNetCore.Owin.TestWeb\AspNetCore.Owin.TestWeb.csproj", "{1A67C004-2D98-422B-984B-379AF7842841}"
EndProject
Project("{9A19103F-16F7-4668-BE54-9A1E7A4F7556}") = "AspNetCore.Authentication.Cookies.Owin", "..\Authentication\src\AspNetCore.Authentication.Cookies.Owin\AspNetCore.Authentication.Cookies.Owin.csproj", "{37521615-7DD9-4E71-876A-50143B839E27}"
EndProject
Project("{9A19103F-16F7-4668-BE54-9A1E7A4F7556}") = "AspNetCore.DataProtection.MachineKey", "..\DataProtection\src\AspNetCore.DataProtection.MachineKey\AspNetCore.DataProtection.MachineKey.csproj", "{866F98BA-B947-4285-A01D-BDCEFF23DFD4}"
EndProject
Global
	GlobalSection(SolutionConfigurationPlatforms) = preSolution
		Debug|Any CPU = Debug|Any CPU
		Release|Any CPU = Release|Any CPU
	EndGlobalSection
	GlobalSection(ProjectConfigurationPlatforms) = postSolution
		{1A67C004-2D98-422B-984B-379AF7842841}.Debug|Any CPU.ActiveCfg = Debug|Any CPU
		{1A67C004-2D98-422B-984B-379AF7842841}.Debug|Any CPU.Build.0 = Debug|Any CPU
		{1A67C004-2D98-422B-984B-379AF7842841}.Release|Any CPU.ActiveCfg = Release|Any CPU
		{1A67C004-2D98-422B-984B-379AF7842841}.Release|Any CPU.Build.0 = Release|Any CPU
		{37521615-7DD9-4E71-876A-50143B839E27}.Debug|Any CPU.ActiveCfg = Debug|Any CPU
		{37521615-7DD9-4E71-876A-50143B839E27}.Debug|Any CPU.Build.0 = Debug|Any CPU
		{37521615-7DD9-4E71-876A-50143B839E27}.Release|Any CPU.ActiveCfg = Release|Any CPU
		{37521615-7DD9-4E71-876A-50143B839E27}.Release|Any CPU.Build.0 = Release|Any CPU
		{866F98BA-B947-4285-A01D-BDCEFF23DFD4}.Debug|Any CPU.ActiveCfg = Debug|Any CPU
		{866F98BA-B947-4285-A01D-BDCEFF23DFD4}.Debug|Any CPU.Build.0 = Debug|Any CPU
		{866F98BA-B947-4285-A01D-BDCEFF23DFD4}.Release|Any CPU.ActiveCfg = Release|Any CPU
		{866F98BA-B947-4285-A01D-BDCEFF23DFD4}.Release|Any CPU.Build.0 = Release|Any CPU
	EndGlobalSection
	GlobalSection(SolutionProperties) = preSolution
		HideSolutionNode = FALSE
	EndGlobalSection
	GlobalSection(ExtensibilityGlobals) = postSolution
		SolutionGuid = {76CB58E6-42AE-490C-8698-A1328DD3DEC0}
	EndGlobalSection
EndGlobal
