
Microsoft Visual Studio Solution File, Format Version 12.00
# Visual Studio 15
VisualStudioVersion = 15.0.28307.271
MinimumVisualStudioVersion = 10.0.40219.1
Project("{FAE04EC0-301F-11D3-BF4B-00C04F79EFBC}") = "AspNetCore.Authentication.Cookies.Owin", "AspNetCore.Authentication.Cookies.Owin\AspNetCore.Authentication.Cookies.Owin.csproj", "{DF0EDAD3-28EC-49BE-B67F-DAA0E42EA9CC}"
EndProject
Global
	GlobalSection(SolutionConfigurationPlatforms) = preSolution
		Debug|Any CPU = Debug|Any CPU
		Release|Any CPU = Release|Any CPU
	EndGlobalSection
	GlobalSection(ProjectConfigurationPlatforms) = postSolution
		{DF0EDAD3-28EC-49BE-B67F-DAA0E42EA9CC}.Debug|Any CPU.ActiveCfg = Debug|Any CPU
		{DF0EDAD3-28EC-49BE-B67F-DAA0E42EA9CC}.Debug|Any CPU.Build.0 = Debug|Any CPU
		{DF0EDAD3-28EC-49BE-B67F-DAA0E42EA9CC}.Release|Any CPU.ActiveCfg = Release|Any CPU
		{DF0EDAD3-28EC-49BE-B67F-DAA0E42EA9CC}.Release|Any CPU.Build.0 = Release|Any CPU
	EndGlobalSection
	GlobalSection(SolutionProperties) = preSolution
		HideSolutionNode = FALSE
	EndGlobalSection
	GlobalSection(ExtensibilityGlobals) = postSolution
		SolutionGuid = {078535AC-0287-4D91-BCAB-C7182BE116A0}
	EndGlobalSection
EndGlobal
